
Microsoft Visual Studio Solution File, Format Version 12.00
# Visual Studio 2013
VisualStudioVersion = 12.0.21005.1
MinimumVisualStudioVersion = 10.0.40219.1
Project("{FAE04EC0-301F-11D3-BF4B-00C04F79EFBC}") = "2-4-8", "2-4-8\2-4-8.csproj", "{099CC44A-3B64-4F18-AF58-B0344638D6ED}"
EndProject
Project("{FAE04EC0-301F-11D3-BF4B-00C04F79EFBC}") = "NightmareOnCodeStreet", "NightmareOnCodeStreet\NightmareOnCodeStreet.csproj", "{F5AE2969-CAB4-4BA9-92C3-1F4C8E76191E}"
EndProject
Project("{FAE04EC0-301F-11D3-BF4B-00C04F79EFBC}") = "Enigmanation", "Enigmanation\Enigmanation.csproj", "{A5A663D5-8C09-478B-8CC2-3745C478171C}"
EndProject
Project("{FAE04EC0-301F-11D3-BF4B-00C04F79EFBC}") = "KaspichaniaBoats", "KaspichaniaBoats\KaspichaniaBoats.csproj", "{BD853059-76A7-47E8-8543-D886FB5AFA87}"
EndProject
Project("{FAE04EC0-301F-11D3-BF4B-00C04F79EFBC}") = "GameOfPage", "GameOfPage\GameOfPage.csproj", "{99A327AC-3FEC-499B-9C4A-0E0BAACB3114}"
EndProject
Global
	GlobalSection(SolutionConfigurationPlatforms) = preSolution
		Debug|Any CPU = Debug|Any CPU
		Release|Any CPU = Release|Any CPU
	EndGlobalSection
	GlobalSection(ProjectConfigurationPlatforms) = postSolution
		{099CC44A-3B64-4F18-AF58-B0344638D6ED}.Debug|Any CPU.ActiveCfg = Debug|Any CPU
		{099CC44A-3B64-4F18-AF58-B0344638D6ED}.Debug|Any CPU.Build.0 = Debug|Any CPU
		{099CC44A-3B64-4F18-AF58-B0344638D6ED}.Release|Any CPU.ActiveCfg = Release|Any CPU
		{099CC44A-3B64-4F18-AF58-B0344638D6ED}.Release|Any CPU.Build.0 = Release|Any CPU
		{F5AE2969-CAB4-4BA9-92C3-1F4C8E76191E}.Debug|Any CPU.ActiveCfg = Debug|Any CPU
		{F5AE2969-CAB4-4BA9-92C3-1F4C8E76191E}.Debug|Any CPU.Build.0 = Debug|Any CPU
		{F5AE2969-CAB4-4BA9-92C3-1F4C8E76191E}.Release|Any CPU.ActiveCfg = Release|Any CPU
		{F5AE2969-CAB4-4BA9-92C3-1F4C8E76191E}.Release|Any CPU.Build.0 = Release|Any CPU
		{A5A663D5-8C09-478B-8CC2-3745C478171C}.Debug|Any CPU.ActiveCfg = Debug|Any CPU
		{A5A663D5-8C09-478B-8CC2-3745C478171C}.Debug|Any CPU.Build.0 = Debug|Any CPU
		{A5A663D5-8C09-478B-8CC2-3745C478171C}.Release|Any CPU.ActiveCfg = Release|Any CPU
		{A5A663D5-8C09-478B-8CC2-3745C478171C}.Release|Any CPU.Build.0 = Release|Any CPU
		{BD853059-76A7-47E8-8543-D886FB5AFA87}.Debug|Any CPU.ActiveCfg = Debug|Any CPU
		{BD853059-76A7-47E8-8543-D886FB5AFA87}.Debug|Any CPU.Build.0 = Debug|Any CPU
		{BD853059-76A7-47E8-8543-D886FB5AFA87}.Release|Any CPU.ActiveCfg = Release|Any CPU
		{BD853059-76A7-47E8-8543-D886FB5AFA87}.Release|Any CPU.Build.0 = Release|Any CPU
		{99A327AC-3FEC-499B-9C4A-0E0BAACB3114}.Debug|Any CPU.ActiveCfg = Debug|Any CPU
		{99A327AC-3FEC-499B-9C4A-0E0BAACB3114}.Debug|Any CPU.Build.0 = Debug|Any CPU
		{99A327AC-3FEC-499B-9C4A-0E0BAACB3114}.Release|Any CPU.ActiveCfg = Release|Any CPU
		{99A327AC-3FEC-499B-9C4A-0E0BAACB3114}.Release|Any CPU.Build.0 = Release|Any CPU
	EndGlobalSection
	GlobalSection(SolutionProperties) = preSolution
		HideSolutionNode = FALSE
	EndGlobalSection
EndGlobal
